{
  "name": "dirt-simple-postgis-http-api",
  "version": "3.0.0",
  "lockfileVersion": 1,
  "requires": true,
  "dependencies": {
    "@mapbox/sphericalmercator": {
      "version": "1.1.0",
      "resolved": "https://registry.npmjs.org/@mapbox/sphericalmercator/-/sphericalmercator-1.1.0.tgz",
      "integrity": "sha512-pEsfZyG4OMThlfFQbCte4gegvHUjxXCjz0KZ4Xk8NdOYTQBLflj6U8PL05RPAiuRAMAQNUUKJuL6qYZ5Y4kAWA=="
    },
    "@types/events": {
      "version": "1.2.0",
      "resolved": "https://registry.npmjs.org/@types/events/-/events-1.2.0.tgz",
      "integrity": "sha512-KEIlhXnIutzKwRbQkGWb/I4HFqBuUykAdHgDED6xqwXJfONCjF5VoE0cXEiurh3XauygxzeDzgtXUqvLkxFzzA=="
    },
    "@types/node": {
      "version": "10.9.4",
      "resolved": "https://registry.npmjs.org/@types/node/-/node-10.9.4.tgz",
      "integrity": "sha512-fCHV45gS+m3hH17zgkgADUSi2RR1Vht6wOZ0jyHP8rjiQra9f+mIcgwPQHllmDocYOstIEbKlxbFDYlgrTPYqw=="
    },
    "@types/pino": {
      "version": "4.16.1",
      "resolved": "https://registry.npmjs.org/@types/pino/-/pino-4.16.1.tgz",
      "integrity": "sha512-uYEhZ3jsuiYFsPcR34fbxVlrqzqphc+QQ3fU4rWR6PXH8ka2TKvPBjtkNqj8oBHouVGf4GCRfyPb7FG2TEtPZA==",
      "requires": {
        "@types/events": "*",
        "@types/node": "*"
      }
    },
    "abstract-cache": {
      "version": "1.0.1",
      "resolved": "https://registry.npmjs.org/abstract-cache/-/abstract-cache-1.0.1.tgz",
      "integrity": "sha512-EfUeMhRUbG5bVVbrSY/ogLlFXoyfMAPxMlSP7wrEqH53d+59r2foVy9a5KjmprLKFLOfPQCNKEfpBN/nQ76chw==",
      "requires": {
        "clone": "^2.1.1",
        "lru_map": "^0.3.3",
        "merge-options": "^1.0.0"
      }
    },
    "abstract-logging": {
      "version": "1.0.0",
      "resolved": "https://registry.npmjs.org/abstract-logging/-/abstract-logging-1.0.0.tgz",
      "integrity": "sha1-i33q/TEFWbwo93ck3RuzAXcnjBs="
    },
    "ajv": {
      "version": "6.5.3",
      "resolved": "https://registry.npmjs.org/ajv/-/ajv-6.5.3.tgz",
      "integrity": "sha512-LqZ9wY+fx3UMiiPd741yB2pj3hhil+hQc8taf4o2QGRFpWgZ2V5C8HA165DY9sS3fJwsk7uT7ZlFEyC3Ig3lLg==",
      "requires": {
        "fast-deep-equal": "^2.0.1",
        "fast-json-stable-stringify": "^2.0.0",
        "json-schema-traverse": "^0.4.1",
        "uri-js": "^4.2.2"
      }
    },
    "ansi-styles": {
      "version": "3.2.1",
      "resolved": "https://registry.npmjs.org/ansi-styles/-/ansi-styles-3.2.1.tgz",
      "integrity": "sha512-VT0ZI6kZRdTh8YyJw3SMbYm/u+NqfsAxEpWO0Pf9sq8/e94WxxOpPKx9FR1FlyCtOVDNOQ+8ntlqFxiRc+r5qA==",
      "requires": {
        "color-convert": "^1.9.0"
      }
    },
    "argparse": {
      "version": "1.0.10",
      "resolved": "https://registry.npmjs.org/argparse/-/argparse-1.0.10.tgz",
      "integrity": "sha512-o5Roy6tNG4SL/FOkCAN6RzjiakZS25RLYFrcMttJqbdd8BWrnA+fGz57iN5Pb06pvBGvl5gQ0B48dJlslXvoTg==",
      "requires": {
        "sprintf-js": "~1.0.2"
      }
    },
    "avvio": {
      "version": "5.8.1",
      "resolved": "https://registry.npmjs.org/avvio/-/avvio-5.8.1.tgz",
      "integrity": "sha512-BrsiuPgd+DjpcC6+63K6+2BzEu5yphnYBlxDztRDoFfsCjVl/oP/XpcduX3uVhO/l5Xtz0huKzPrejoMpvhr5g==",
      "requires": {
        "debug": "^3.1.0",
        "fastq": "^1.6.0"
      }
    },
    "buffer-writer": {
      "version": "1.0.1",
      "resolved": "https://registry.npmjs.org/buffer-writer/-/buffer-writer-1.0.1.tgz",
      "integrity": "sha1-Iqk2kB4wKa/NdUfrRIfOtpejvwg="
    },
    "chalk": {
      "version": "2.4.1",
      "resolved": "https://registry.npmjs.org/chalk/-/chalk-2.4.1.tgz",
      "integrity": "sha512-ObN6h1v2fTJSmUXoS3nMQ92LbDK9be4TV+6G+omQlGJFdcUX5heKi1LZ1YnRMIgwTLEj3E24bT6tYni50rlCfQ==",
      "requires": {
        "ansi-styles": "^3.2.1",
        "escape-string-regexp": "^1.0.5",
        "supports-color": "^5.3.0"
      }
    },
    "clone": {
      "version": "2.1.2",
      "resolved": "https://registry.npmjs.org/clone/-/clone-2.1.2.tgz",
      "integrity": "sha1-G39Ln1kfHo+DZwQBYANFoCiHQ18="
    },
    "color-convert": {
      "version": "1.9.3",
      "resolved": "https://registry.npmjs.org/color-convert/-/color-convert-1.9.3.tgz",
      "integrity": "sha512-QfAUtd+vFdAtFQcC8CCyYt1fYWxSqAiK2cSD6zDB8N3cpsEBAvRxp9zOGg6G/SHHJYAT88/az/IuDGALsNVbGg==",
      "requires": {
        "color-name": "1.1.3"
      }
    },
    "color-name": {
      "version": "1.1.3",
      "resolved": "https://registry.npmjs.org/color-name/-/color-name-1.1.3.tgz",
      "integrity": "sha1-p9BVi9icQveV3UIyj3QIMcpTvCU="
    },
    "core-util-is": {
      "version": "1.0.2",
      "resolved": "https://registry.npmjs.org/core-util-is/-/core-util-is-1.0.2.tgz",
      "integrity": "sha1-tf1UIgqivFq1eqtxQMlAdUUDwac="
    },
    "debug": {
      "version": "3.1.0",
      "resolved": "https://registry.npmjs.org/debug/-/debug-3.1.0.tgz",
      "integrity": "sha512-OX8XqP7/1a9cqkxYw2yXss15f26NKWBpDXQd0/uK/KPqdQhxbPa994hnzjcE2VqQpDslf55723cKPUOGSmMY3g==",
      "requires": {
        "ms": "2.0.0"
      }
    },
    "deepmerge": {
      "version": "2.1.1",
      "resolved": "https://registry.npmjs.org/deepmerge/-/deepmerge-2.1.1.tgz",
      "integrity": "sha512-urQxA1smbLZ2cBbXbaYObM1dJ82aJ2H57A1C/Kklfh/ZN1bgH4G/n5KWhdNfOK11W98gqZfyYj7W4frJJRwA2w=="
    },
    "depd": {
      "version": "1.1.2",
      "resolved": "https://registry.npmjs.org/depd/-/depd-1.1.2.tgz",
      "integrity": "sha1-m81S4UwJd2PnSbJ0xDRu0uVgtak="
    },
    "destroy": {
      "version": "1.0.4",
      "resolved": "https://registry.npmjs.org/destroy/-/destroy-1.0.4.tgz",
      "integrity": "sha1-l4hXRCxEdJ5CBmE+N5RiBYJqvYA="
    },
    "ee-first": {
      "version": "1.1.1",
      "resolved": "https://registry.npmjs.org/ee-first/-/ee-first-1.1.1.tgz",
      "integrity": "sha1-WQxhFWsK4vTwJVcyoViyZrxWsh0="
    },
    "encodeurl": {
      "version": "1.0.2",
      "resolved": "https://registry.npmjs.org/encodeurl/-/encodeurl-1.0.2.tgz",
      "integrity": "sha1-rT/0yG7C0CkyL1oCw6mmBslbP1k="
    },
    "end-of-stream": {
      "version": "1.4.1",
      "resolved": "https://registry.npmjs.org/end-of-stream/-/end-of-stream-1.4.1.tgz",
      "integrity": "sha512-1MkrZNvWTKCaigbn+W15elq2BB/L22nqrSY5DKlo3X6+vclJm8Bb5djXJBmEX6fS3+zCh/F4VBK5Z2KxJt4s2Q==",
      "requires": {
        "once": "^1.4.0"
      }
    },
    "escape-html": {
      "version": "1.0.3",
      "resolved": "https://registry.npmjs.org/escape-html/-/escape-html-1.0.3.tgz",
      "integrity": "sha1-Aljq5NPQwJdN4cFpGI7wBR0dGYg="
    },
    "escape-string-regexp": {
      "version": "1.0.5",
      "resolved": "https://registry.npmjs.org/escape-string-regexp/-/escape-string-regexp-1.0.5.tgz",
      "integrity": "sha1-G2HAViGQqN/2rjuyzwIAyhMLhtQ="
    },
    "esprima": {
      "version": "4.0.1",
      "resolved": "https://registry.npmjs.org/esprima/-/esprima-4.0.1.tgz",
      "integrity": "sha512-eGuFFw7Upda+g4p+QHvnW0RyTX/SVeJBDM/gCtMARO0cLuT2HcEKnTPvhjV6aGeqrCB/sbNop0Kszm0jsaWU4A=="
    },
    "etag": {
      "version": "1.8.1",
      "resolved": "https://registry.npmjs.org/etag/-/etag-1.8.1.tgz",
      "integrity": "sha1-Qa4u62XvpiJorr/qg6x9eSmbCIc="
    },
    "fast-decode-uri-component": {
      "version": "1.0.0",
      "resolved": "https://registry.npmjs.org/fast-decode-uri-component/-/fast-decode-uri-component-1.0.0.tgz",
      "integrity": "sha512-WQSYVKn6tDW/3htASeUkrx5LcnuTENQIZQPCVlwdnvIJ7bYtSpoJYq38MgUJnx1CQIR1gjZ8HJxAEcN4gqugBg=="
    },
    "fast-deep-equal": {
      "version": "2.0.1",
      "resolved": "https://registry.npmjs.org/fast-deep-equal/-/fast-deep-equal-2.0.1.tgz",
      "integrity": "sha1-ewUhjd+WZ79/Nwv3/bLLFf3Qqkk="
    },
    "fast-json-parse": {
      "version": "1.0.3",
      "resolved": "https://registry.npmjs.org/fast-json-parse/-/fast-json-parse-1.0.3.tgz",
      "integrity": "sha512-FRWsaZRWEJ1ESVNbDWmsAlqDk96gPQezzLghafp5J4GUKjbCz3OkAHuZs5TuPEtkbVQERysLp9xv6c24fBm8Aw=="
    },
    "fast-json-stable-stringify": {
      "version": "2.0.0",
      "resolved": "https://registry.npmjs.org/fast-json-stable-stringify/-/fast-json-stable-stringify-2.0.0.tgz",
      "integrity": "sha1-1RQsDK7msRifh9OnYREGT4bIu/I="
    },
    "fast-json-stringify": {
      "version": "1.7.1",
      "resolved": "https://registry.npmjs.org/fast-json-stringify/-/fast-json-stringify-1.7.1.tgz",
      "integrity": "sha512-UXn8tcoqzfmW3/DjmHezrYdSeL+E/gkmNRLheyo+X7oK1oa1DOJ8g5BFlosbDixMu4EvtHVuKGdQiSy7OaCHzA==",
      "requires": {
        "ajv": "^6.5.1",
        "deepmerge": "^2.1.1"
      }
    },
    "fast-safe-stringify": {
      "version": "1.2.3",
      "resolved": "https://registry.npmjs.org/fast-safe-stringify/-/fast-safe-stringify-1.2.3.tgz",
      "integrity": "sha512-QJYT/i0QYoiZBQ71ivxdyTqkwKkQ0oxACXHYxH2zYHJEgzi2LsbjgvtzTbLi1SZcF190Db2YP7I7eTsU2egOlw=="
    },
    "fastfall": {
      "version": "1.5.1",
      "resolved": "https://registry.npmjs.org/fastfall/-/fastfall-1.5.1.tgz",
      "integrity": "sha1-P+4DMxpJ0dObPN96XpzWb0dee5Q=",
      "requires": {
        "reusify": "^1.0.0"
      }
    },
    "fastify": {
      "version": "1.11.1",
      "resolved": "https://registry.npmjs.org/fastify/-/fastify-1.11.1.tgz",
      "integrity": "sha512-RiAeUUT8yOa4Fj5IpO8UI48IJABBgZ+0jjAalNEzu1bNllUxdRbYTzN5oCZCUVLL8DXHZACnLblkaJy/qcF41w==",
      "requires": {
        "@types/pino": "^4.16.0",
        "abstract-logging": "^1.0.0",
        "ajv": "^6.5.2",
        "avvio": "^5.8.0",
        "end-of-stream": "^1.4.1",
        "fast-json-stringify": "^1.5.4",
        "find-my-way": "^1.15.0",
        "flatstr": "^1.0.8",
        "light-my-request": "^3.0.0",
        "middie": "^3.1.0",
        "pino": "^4.17.3",
        "proxy-addr": "^2.0.3",
        "tiny-lru": "^1.6.1"
      }
    },
    "fastify-autoload": {
      "version": "0.5.0",
      "resolved": "https://registry.npmjs.org/fastify-autoload/-/fastify-autoload-0.5.0.tgz",
      "integrity": "sha512-+1MV8Jd4uNxo2kR2+NeHQFbuI01bmhR4pAFKAbk5ADJN5fAKd2tHQqB5npOZXnN/YWgiUGMhSZHkxJO+hGYCtQ==",
      "requires": {
        "steed": "^1.1.3"
      }
    },
    "fastify-caching": {
      "version": "3.0.0",
      "resolved": "https://registry.npmjs.org/fastify-caching/-/fastify-caching-3.0.0.tgz",
      "integrity": "sha512-TASXIPBbW3fJM6cNlpEalcbhskLbrRfmv5FIVNJoht/CYcMSjuCl9DNYPAOPGjlFK1H+ZjJAXobcbvuX4eX+vw==",
      "requires": {
        "abstract-cache": "^1.0.1",
        "fastify-plugin": "^0.2.2",
        "uid-safe": "^2.1.5"
      }
    },
    "fastify-compress": {
      "version": "0.6.0",
      "resolved": "https://registry.npmjs.org/fastify-compress/-/fastify-compress-0.6.0.tgz",
      "integrity": "sha512-J6q4ycW6xuhSsoUb4z7I/QA4MFDfhXqq2sgAIdn1XXadcPkHoXlLl7dgUMCUg9rRqo+1FAr+kMEM0HnxBh/mPQ==",
      "requires": {
        "fastify-plugin": "^1.0.0",
        "mime-db": "^1.33.0",
        "pump": "^3.0.0",
        "string-to-stream": "^1.1.0"
      },
      "dependencies": {
        "fastify-plugin": {
          "version": "1.2.0",
          "resolved": "https://registry.npmjs.org/fastify-plugin/-/fastify-plugin-1.2.0.tgz",
          "integrity": "sha512-kknz93JwoZ8FpMlsP7VxjC68Ay1n6Hp592shMe7gt0lVKSgSic4CyL39mbZqt0Mw2DfTcwvx4tWTwO4p/ld25A==",
          "requires": {
            "semver": "^5.5.0"
          }
        }
      }
    },
    "fastify-cors": {
      "version": "0.1.0",
      "resolved": "https://registry.npmjs.org/fastify-cors/-/fastify-cors-0.1.0.tgz",
      "integrity": "sha512-yHieIL/WWsulcTuF1QoEpe6I0ECTfsN0X4LDI/WYSMrgPCsFrEWIaVILfZkBfzd2XNv9AmTQveeK9px3R8olXw==",
      "requires": {
        "fastify-plugin": "^1.2.0",
        "vary": "^1.1.2"
      },
      "dependencies": {
        "fastify-plugin": {
          "version": "1.2.0",
          "resolved": "https://registry.npmjs.org/fastify-plugin/-/fastify-plugin-1.2.0.tgz",
          "integrity": "sha512-kknz93JwoZ8FpMlsP7VxjC68Ay1n6Hp592shMe7gt0lVKSgSic4CyL39mbZqt0Mw2DfTcwvx4tWTwO4p/ld25A==",
          "requires": {
            "semver": "^5.5.0"
          }
        }
      }
    },
    "fastify-plugin": {
      "version": "0.2.2",
      "resolved": "https://registry.npmjs.org/fastify-plugin/-/fastify-plugin-0.2.2.tgz",
      "integrity": "sha512-oRJdjdudgCkQQUARNeh2rkbxFAmj2OhCJSVBNBLUbhS0orF+IMQ4u/bc661N1jh/wDI2J+YKmXmmHSVFQI4e7A==",
      "requires": {
        "semver": "^5.4.1"
      }
    },
    "fastify-postgres": {
      "version": "1.1.0",
      "resolved": "https://registry.npmjs.org/fastify-postgres/-/fastify-postgres-1.1.0.tgz",
      "integrity": "sha512-pXiVmcVOd9mBz6hUkNuek8AVmxXrnDx/a3F4E7rkzrz75YP8Pu9FxXNIRtH6gmx2JoB0MktalGSv42EWLef7rg==",
      "requires": {
        "fastify-plugin": "^1.2.0",
        "pg": "^7.4.3"
      },
      "dependencies": {
        "fastify-plugin": {
          "version": "1.2.0",
          "resolved": "https://registry.npmjs.org/fastify-plugin/-/fastify-plugin-1.2.0.tgz",
          "integrity": "sha512-kknz93JwoZ8FpMlsP7VxjC68Ay1n6Hp592shMe7gt0lVKSgSic4CyL39mbZqt0Mw2DfTcwvx4tWTwO4p/ld25A==",
          "requires": {
            "semver": "^5.5.0"
          }
        }
      }
    },
    "fastify-static": {
      "version": "0.14.0",
      "resolved": "https://registry.npmjs.org/fastify-static/-/fastify-static-0.14.0.tgz",
      "integrity": "sha512-3VCviM1FLrqTNHSoZH8ZWHE2/bhKQ3BdAMnV/fCieXG/60q4v00Xa+pXwdk1nQ2C3wjx+P67l566jrcXRy/h7g==",
      "requires": {
        "fastify-plugin": "^1.2.0",
        "readable-stream": "^3.0.0",
        "send": "^0.16.0"
      },
      "dependencies": {
        "fastify-plugin": {
          "version": "1.2.0",
          "resolved": "https://registry.npmjs.org/fastify-plugin/-/fastify-plugin-1.2.0.tgz",
          "integrity": "sha512-kknz93JwoZ8FpMlsP7VxjC68Ay1n6Hp592shMe7gt0lVKSgSic4CyL39mbZqt0Mw2DfTcwvx4tWTwO4p/ld25A==",
          "requires": {
            "semver": "^5.5.0"
          }
        },
        "readable-stream": {
          "version": "3.0.2",
          "resolved": "https://registry.npmjs.org/readable-stream/-/readable-stream-3.0.2.tgz",
          "integrity": "sha512-E3RfQoPuKDBhec0s8fOsgFXDVFlEipbsheGBX/NNByfKMfzPEEQJXcLy6fJ7bDD820HG/d+eXQ1ezCj29KoAJA==",
          "requires": {
            "inherits": "^2.0.3",
            "string_decoder": "^1.1.1",
            "util-deprecate": "^1.0.1"
          }
        }
      }
    },
    "fastify-swagger": {
      "version": "0.15.0",
      "resolved": "https://registry.npmjs.org/fastify-swagger/-/fastify-swagger-0.15.0.tgz",
      "integrity": "sha512-H33VeobZVx6mDLCRbdwD14BAl/lu59Y81Ci6Kt+HA2rC33o/gydkEeadLgh+JYjI870HJAKAMfzRrzhK3rYUPQ==",
      "requires": {
        "fastify-plugin": "^1.2.0",
        "fastify-static": "^0.14.0",
        "js-yaml": "^3.12.0"
      },
      "dependencies": {
        "fastify-plugin": {
          "version": "1.2.0",
          "resolved": "https://registry.npmjs.org/fastify-plugin/-/fastify-plugin-1.2.0.tgz",
          "integrity": "sha512-kknz93JwoZ8FpMlsP7VxjC68Ay1n6Hp592shMe7gt0lVKSgSic4CyL39mbZqt0Mw2DfTcwvx4tWTwO4p/ld25A==",
          "requires": {
            "semver": "^5.5.0"
          }
        }
      }
    },
    "fastparallel": {
      "version": "2.3.0",
      "resolved": "https://registry.npmjs.org/fastparallel/-/fastparallel-2.3.0.tgz",
      "integrity": "sha1-HnCb+2oDmT84V+POfwExHOdgJhM=",
      "requires": {
        "reusify": "^1.0.0",
        "xtend": "^4.0.1"
      }
    },
    "fastq": {
      "version": "1.6.0",
      "resolved": "https://registry.npmjs.org/fastq/-/fastq-1.6.0.tgz",
      "integrity": "sha512-jmxqQ3Z/nXoeyDmWAzF9kH1aGZSis6e/SbfPmJpUnyZ0ogr6iscHQaml4wsEepEWSdtmpy+eVXmCRIMpxaXqOA==",
      "requires": {
        "reusify": "^1.0.0"
      }
    },
    "fastseries": {
      "version": "1.7.2",
      "resolved": "https://registry.npmjs.org/fastseries/-/fastseries-1.7.2.tgz",
      "integrity": "sha1-0izhO5Qz3/M4jZHb1ri9qbIaD0s=",
      "requires": {
        "reusify": "^1.0.0",
        "xtend": "^4.0.0"
      }
    },
    "find-my-way": {
      "version": "1.15.1",
      "resolved": "https://registry.npmjs.org/find-my-way/-/find-my-way-1.15.1.tgz",
      "integrity": "sha512-cwR1IxkB1JIIGxWpX3TQC1U/51htT4dps536rno7fkszeSSevvZGkl1dpIANRNq+X6/VDSF/S4JAuDPSTepHBA==",
      "requires": {
        "fast-decode-uri-component": "^1.0.0",
        "safe-regex": "^1.1.0",
        "semver-store": "^0.3.0"
      }
    },
    "flatstr": {
      "version": "1.0.8",
      "resolved": "https://registry.npmjs.org/flatstr/-/flatstr-1.0.8.tgz",
      "integrity": "sha512-YXblbv/vc1zuVVUtnKl1hPqqk7TalZCppnKE7Pr8FI/Rp48vzckS/4SJ4Y9O9RNiI82Vcw/FydmtqdQOg1Dpqw=="
    },
    "forwarded": {
      "version": "0.1.2",
      "resolved": "https://registry.npmjs.org/forwarded/-/forwarded-0.1.2.tgz",
      "integrity": "sha1-mMI9qxF1ZXuMBXPozszZGw/xjIQ="
    },
    "fresh": {
      "version": "0.5.2",
      "resolved": "https://registry.npmjs.org/fresh/-/fresh-0.5.2.tgz",
      "integrity": "sha1-PYyt2Q2XZWn6g1qx+OSyOhBWBac="
    },
    "has-flag": {
      "version": "3.0.0",
      "resolved": "https://registry.npmjs.org/has-flag/-/has-flag-3.0.0.tgz",
      "integrity": "sha1-tdRU3CGZriJWmfNGfloH87lVuv0="
    },
    "http-errors": {
      "version": "1.6.3",
      "resolved": "https://registry.npmjs.org/http-errors/-/http-errors-1.6.3.tgz",
      "integrity": "sha1-i1VoC7S+KDoLW/TqLjhYC+HZMg0=",
      "requires": {
        "depd": "~1.1.2",
        "inherits": "2.0.3",
        "setprototypeof": "1.1.0",
        "statuses": ">= 1.4.0 < 2"
      }
    },
    "inherits": {
      "version": "2.0.3",
      "resolved": "https://registry.npmjs.org/inherits/-/inherits-2.0.3.tgz",
      "integrity": "sha1-Yzwsg+PaQqUC9SRmAiSA9CCCYd4="
    },
    "ipaddr.js": {
      "version": "1.8.0",
      "resolved": "https://registry.npmjs.org/ipaddr.js/-/ipaddr.js-1.8.0.tgz",
      "integrity": "sha1-6qM9bd16zo9/b+DJygRA5wZzix4="
    },
    "is-plain-obj": {
      "version": "1.1.0",
      "resolved": "https://registry.npmjs.org/is-plain-obj/-/is-plain-obj-1.1.0.tgz",
      "integrity": "sha1-caUMhCnfync8kqOQpKA7OfzVHT4="
    },
    "isarray": {
      "version": "1.0.0",
      "resolved": "https://registry.npmjs.org/isarray/-/isarray-1.0.0.tgz",
      "integrity": "sha1-u5NdSFgsuhaMBoNJV6VKPgcSTxE="
    },
    "js-yaml": {
      "version": "3.12.0",
      "resolved": "https://registry.npmjs.org/js-yaml/-/js-yaml-3.12.0.tgz",
      "integrity": "sha512-PIt2cnwmPfL4hKNwqeiuz4bKfnzHTBv6HyVgjahA6mPLwPDzjDWrplJBMjHUFxku/N3FlmrbyPclad+I+4mJ3A==",
      "requires": {
        "argparse": "^1.0.7",
        "esprima": "^4.0.0"
      }
    },
    "json-schema-traverse": {
      "version": "0.4.1",
      "resolved": "https://registry.npmjs.org/json-schema-traverse/-/json-schema-traverse-0.4.1.tgz",
      "integrity": "sha512-xbbCH5dCYU5T8LcEhhuh7HJ88HXuW3qsI3Y0zOZFKfZEHcpWiHU/Jxzk629Brsab/mMiHQti9wMP+845RPe3Vg=="
    },
    "light-my-request": {
      "version": "3.0.0",
      "resolved": "https://registry.npmjs.org/light-my-request/-/light-my-request-3.0.0.tgz",
      "integrity": "sha512-Ek0khz5eM4jcvq+8q0N7tLpvhyfCQcdM1DeQW57sVyQdu7MidyAxqRscm0HTaCtFbioWjSslyJYU0VZsJYZRcg==",
      "requires": {
        "ajv": "^6.0.0",
        "readable-stream": "^3.0.0"
      },
      "dependencies": {
        "readable-stream": {
          "version": "3.0.2",
          "resolved": "https://registry.npmjs.org/readable-stream/-/readable-stream-3.0.2.tgz",
          "integrity": "sha512-E3RfQoPuKDBhec0s8fOsgFXDVFlEipbsheGBX/NNByfKMfzPEEQJXcLy6fJ7bDD820HG/d+eXQ1ezCj29KoAJA==",
          "requires": {
            "inherits": "^2.0.3",
            "string_decoder": "^1.1.1",
            "util-deprecate": "^1.0.1"
          }
        }
      }
    },
    "lru_map": {
      "version": "0.3.3",
      "resolved": "https://registry.npmjs.org/lru_map/-/lru_map-0.3.3.tgz",
      "integrity": "sha1-tcg1G5Rky9dQM1p5ZQoOwOVhGN0="
    },
    "merge-options": {
      "version": "1.0.1",
      "resolved": "https://registry.npmjs.org/merge-options/-/merge-options-1.0.1.tgz",
      "integrity": "sha512-iuPV41VWKWBIOpBsjoxjDZw8/GbSfZ2mk7N1453bwMrfzdrIk7EzBd+8UVR6rkw67th7xnk9Dytl3J+lHPdxvg==",
      "requires": {
        "is-plain-obj": "^1.1"
      }
    },
    "middie": {
      "version": "3.1.0",
      "resolved": "https://registry.npmjs.org/middie/-/middie-3.1.0.tgz",
      "integrity": "sha512-673tjCpr9xbI30cVqNbCvBe1hNS4pNs7Fi8Yp9wPiqX3qTpuRm87uD3aRtH9ji7Gt8SavbX7cwYMqY2muIPMJw==",
      "requires": {
        "path-to-regexp": "^2.0.0",
        "reusify": "^1.0.2"
      }
    },
    "mime": {
      "version": "1.4.1",
      "resolved": "https://registry.npmjs.org/mime/-/mime-1.4.1.tgz",
      "integrity": "sha512-KI1+qOZu5DcW6wayYHSzR/tXKCDC5Om4s1z2QJjDULzLcmf3DvzS7oluY4HCTrc+9FiKmWUgeNLg7W3uIQvxtQ=="
    },
    "mime-db": {
      "version": "1.35.0",
      "resolved": "https://registry.npmjs.org/mime-db/-/mime-db-1.35.0.tgz",
      "integrity": "sha512-JWT/IcCTsB0Io3AhWUMjRqucrHSPsSf2xKLaRldJVULioggvkJvggZ3VXNNSRkCddE6D+BUI4HEIZIA2OjwIvg=="
    },
    "ms": {
      "version": "2.0.0",
      "resolved": "https://registry.npmjs.org/ms/-/ms-2.0.0.tgz",
      "integrity": "sha1-VgiurfwAvmwpAd9fmGF4jeDVl8g="
    },
    "on-finished": {
      "version": "2.3.0",
      "resolved": "https://registry.npmjs.org/on-finished/-/on-finished-2.3.0.tgz",
      "integrity": "sha1-IPEzZIGwg811M3mSoWlxqi2QaUc=",
      "requires": {
        "ee-first": "1.1.1"
      }
    },
    "once": {
      "version": "1.4.0",
      "resolved": "https://registry.npmjs.org/once/-/once-1.4.0.tgz",
      "integrity": "sha1-WDsap3WWHUsROsF9nFC6753Xa9E=",
      "requires": {
        "wrappy": "1"
      }
    },
    "packet-reader": {
      "version": "0.3.1",
      "resolved": "https://registry.npmjs.org/packet-reader/-/packet-reader-0.3.1.tgz",
      "integrity": "sha1-zWLmCvjX/qinBexP+ZCHHEaHHyc="
    },
    "path-to-regexp": {
      "version": "2.4.0",
      "resolved": "https://registry.npmjs.org/path-to-regexp/-/path-to-regexp-2.4.0.tgz",
      "integrity": "sha512-G6zHoVqC6GGTQkZwF4lkuEyMbVOjoBKAEybQUypI1WTkqinCOrq2x6U2+phkJ1XsEMTy4LjtwPI7HW+NVrRR2w=="
    },
    "pg": {
      "version": "7.4.3",
      "resolved": "https://registry.npmjs.org/pg/-/pg-7.4.3.tgz",
      "integrity": "sha1-97b5P1NA7MJZavu5ShPj1rYJg0s=",
      "requires": {
        "buffer-writer": "1.0.1",
        "packet-reader": "0.3.1",
        "pg-connection-string": "0.1.3",
        "pg-pool": "~2.0.3",
        "pg-types": "~1.12.1",
        "pgpass": "1.x",
        "semver": "4.3.2"
      },
      "dependencies": {
        "semver": {
          "version": "4.3.2",
          "resolved": "https://registry.npmjs.org/semver/-/semver-4.3.2.tgz",
          "integrity": "sha1-x6BxWKgL7dBSNVt3DYLWZA+AO+c="
        }
      }
    },
    "pg-connection-string": {
      "version": "0.1.3",
      "resolved": "https://registry.npmjs.org/pg-connection-string/-/pg-connection-string-0.1.3.tgz",
      "integrity": "sha1-2hhHsglA5C7hSSvq9l1J2RskXfc="
    },
    "pg-pool": {
      "version": "2.0.3",
      "resolved": "https://registry.npmjs.org/pg-pool/-/pg-pool-2.0.3.tgz",
      "integrity": "sha1-wCIDLIlJ8xKk+R+2QJzgQHa+Mlc="
    },
    "pg-types": {
      "version": "1.12.1",
      "resolved": "https://registry.npmjs.org/pg-types/-/pg-types-1.12.1.tgz",
      "integrity": "sha1-1kCH45A7WP+q0nnnWVxSIIoUw9I=",
      "requires": {
        "postgres-array": "~1.0.0",
        "postgres-bytea": "~1.0.0",
        "postgres-date": "~1.0.0",
        "postgres-interval": "^1.1.0"
      }
    },
    "pgpass": {
      "version": "1.0.2",
      "resolved": "https://registry.npmjs.org/pgpass/-/pgpass-1.0.2.tgz",
      "integrity": "sha1-Knu0G2BltnkH6R2hsHwYR8h3swY=",
      "requires": {
        "split": "^1.0.0"
      }
    },
    "pino": {
      "version": "4.17.6",
      "resolved": "https://registry.npmjs.org/pino/-/pino-4.17.6.tgz",
      "integrity": "sha512-LFDwmhyWLBnmwO/2UFbWu1jEGVDzaPupaVdx0XcZ3tIAx1EDEBauzxXf2S0UcFK7oe+X9MApjH0hx9U1XMgfCA==",
      "requires": {
        "chalk": "^2.4.1",
        "fast-json-parse": "^1.0.3",
        "fast-safe-stringify": "^1.2.3",
        "flatstr": "^1.0.5",
        "pino-std-serializers": "^2.0.0",
        "pump": "^3.0.0",
        "quick-format-unescaped": "^1.1.2",
        "split2": "^2.2.0"
      }
    },
    "pino-std-serializers": {
      "version": "2.2.1",
      "resolved": "https://registry.npmjs.org/pino-std-serializers/-/pino-std-serializers-2.2.1.tgz",
      "integrity": "sha512-QqL7kkF7eMCpFG4hpZD8UPQga/kxkkh3E62HzMzTIL4OQyijyisAnBL8msBEAml8xcb/ioGhH7UUzGxuHqczhQ=="
    },
    "postgres-array": {
      "version": "1.0.2",
      "resolved": "https://registry.npmjs.org/postgres-array/-/postgres-array-1.0.2.tgz",
      "integrity": "sha1-jgsy6wO/d6XAp4UeBEHBaaJWojg="
    },
    "postgres-bytea": {
      "version": "1.0.0",
      "resolved": "https://registry.npmjs.org/postgres-bytea/-/postgres-bytea-1.0.0.tgz",
      "integrity": "sha1-AntTPAqokOJtFy1Hz5zOzFIazTU="
    },
    "postgres-date": {
      "version": "1.0.3",
      "resolved": "https://registry.npmjs.org/postgres-date/-/postgres-date-1.0.3.tgz",
      "integrity": "sha1-4tiXAu/bJY/52c7g/pG9BpdSV6g="
    },
    "postgres-interval": {
      "version": "1.1.2",
      "resolved": "https://registry.npmjs.org/postgres-interval/-/postgres-interval-1.1.2.tgz",
      "integrity": "sha512-fC3xNHeTskCxL1dC8KOtxXt7YeFmlbTYtn7ul8MkVERuTmf7pI4DrkAxcw3kh1fQ9uz4wQmd03a1mRiXUZChfQ==",
      "requires": {
        "xtend": "^4.0.0"
      }
    },
    "process-nextick-args": {
      "version": "2.0.0",
      "resolved": "https://registry.npmjs.org/process-nextick-args/-/process-nextick-args-2.0.0.tgz",
      "integrity": "sha512-MtEC1TqN0EU5nephaJ4rAtThHtC86dNN9qCuEhtshvpVBkAW5ZO7BASN9REnF9eoXGcRub+pFuKEpOHE+HbEMw=="
    },
    "proxy-addr": {
      "version": "2.0.4",
      "resolved": "https://registry.npmjs.org/proxy-addr/-/proxy-addr-2.0.4.tgz",
      "integrity": "sha512-5erio2h9jp5CHGwcybmxmVqHmnCBZeewlfJ0pex+UW7Qny7OOZXTtH56TGNyBizkgiOwhJtMKrVzDTeKcySZwA==",
      "requires": {
        "forwarded": "~0.1.2",
        "ipaddr.js": "1.8.0"
      }
    },
    "pump": {
      "version": "3.0.0",
      "resolved": "https://registry.npmjs.org/pump/-/pump-3.0.0.tgz",
      "integrity": "sha512-LwZy+p3SFs1Pytd/jYct4wpv49HiYCqd9Rlc5ZVdk0V+8Yzv6jR5Blk3TRmPL1ft69TxP0IMZGJ+WPFU2BFhww==",
      "requires": {
        "end-of-stream": "^1.1.0",
        "once": "^1.3.1"
      }
    },
    "punycode": {
      "version": "2.1.1",
      "resolved": "https://registry.npmjs.org/punycode/-/punycode-2.1.1.tgz",
      "integrity": "sha512-XRsRjdf+j5ml+y/6GKHPZbrF/8p2Yga0JPtdqTIY2Xe5ohJPD9saDJJLPvp9+NSBprVvevdXZybnj2cv8OEd0A=="
    },
    "quick-format-unescaped": {
      "version": "1.1.2",
      "resolved": "https://registry.npmjs.org/quick-format-unescaped/-/quick-format-unescaped-1.1.2.tgz",
      "integrity": "sha1-DKWB3jF0vs7yWsPC6JVjQjgdtpg=",
      "requires": {
        "fast-safe-stringify": "^1.0.8"
      }
    },
    "random-bytes": {
      "version": "1.0.0",
      "resolved": "https://registry.npmjs.org/random-bytes/-/random-bytes-1.0.0.tgz",
      "integrity": "sha1-T2ih3Arli9P7lYSMMDJNt11kNgs="
    },
    "range-parser": {
      "version": "1.2.0",
      "resolved": "https://registry.npmjs.org/range-parser/-/range-parser-1.2.0.tgz",
      "integrity": "sha1-9JvmtIeJTdxA3MlKMi9hEJLgDV4="
    },
    "readable-stream": {
      "version": "2.3.6",
      "resolved": "https://registry.npmjs.org/readable-stream/-/readable-stream-2.3.6.tgz",
      "integrity": "sha512-tQtKA9WIAhBF3+VLAseyMqZeBjW0AHJoxOtYqSUZNJxauErmLbVm2FW1y+J/YA9dUrAC39ITejlZWhVIwawkKw==",
      "requires": {
        "core-util-is": "~1.0.0",
        "inherits": "~2.0.3",
        "isarray": "~1.0.0",
        "process-nextick-args": "~2.0.0",
        "safe-buffer": "~5.1.1",
        "string_decoder": "~1.1.1",
        "util-deprecate": "~1.0.1"
      }
    },
    "ret": {
      "version": "0.1.15",
      "resolved": "https://registry.npmjs.org/ret/-/ret-0.1.15.tgz",
      "integrity": "sha512-TTlYpa+OL+vMMNG24xSlQGEJ3B/RzEfUlLct7b5G/ytav+wPrplCpVMFuwzXbkecJrb6IYo1iFb0S9v37754mg=="
    },
    "reusify": {
      "version": "1.0.4",
      "resolved": "https://registry.npmjs.org/reusify/-/reusify-1.0.4.tgz",
      "integrity": "sha512-U9nH88a3fc/ekCF1l0/UP1IosiuIjyTh7hBvXVMHYgVcfGvt897Xguj2UOLDeI5BG2m7/uwyaLVT6fbtCwTyzw=="
    },
    "safe-buffer": {
      "version": "5.1.2",
      "resolved": "https://registry.npmjs.org/safe-buffer/-/safe-buffer-5.1.2.tgz",
      "integrity": "sha512-Gd2UZBJDkXlY7GbJxfsE8/nvKkUEU1G38c1siN6QP6a9PT9MmHB8GnpscSmMJSoF8LOIrt8ud/wPtojys4G6+g=="
    },
    "safe-regex": {
      "version": "1.1.0",
      "resolved": "https://registry.npmjs.org/safe-regex/-/safe-regex-1.1.0.tgz",
      "integrity": "sha1-QKNmnzsHfR6UPURinhV91IAjvy4=",
      "requires": {
        "ret": "~0.1.10"
      }
    },
    "semver": {
      "version": "5.5.0",
      "resolved": "https://registry.npmjs.org/semver/-/semver-5.5.0.tgz",
      "integrity": "sha512-4SJ3dm0WAwWy/NVeioZh5AntkdJoWKxHxcmyP622fOkgHa4z3R0TdBJICINyaSDE6uNwVc8gZr+ZinwZAH4xIA=="
    },
    "semver-store": {
      "version": "0.3.0",
      "resolved": "https://registry.npmjs.org/semver-store/-/semver-store-0.3.0.tgz",
      "integrity": "sha512-TcZvGMMy9vodEFSse30lWinkj+JgOBvPn8wRItpQRSayhc+4ssDs335uklkfvQQJgL/WvmHLVj4Ycv2s7QCQMg=="
    },
    "send": {
      "version": "0.16.2",
      "resolved": "https://registry.npmjs.org/send/-/send-0.16.2.tgz",
      "integrity": "sha512-E64YFPUssFHEFBvpbbjr44NCLtI1AohxQ8ZSiJjQLskAdKuriYEP6VyGEsRDH8ScozGpkaX1BGvhanqCwkcEZw==",
      "requires": {
        "debug": "2.6.9",
        "depd": "~1.1.2",
        "destroy": "~1.0.4",
        "encodeurl": "~1.0.2",
        "escape-html": "~1.0.3",
        "etag": "~1.8.1",
        "fresh": "0.5.2",
        "http-errors": "~1.6.2",
        "mime": "1.4.1",
        "ms": "2.0.0",
        "on-finished": "~2.3.0",
        "range-parser": "~1.2.0",
        "statuses": "~1.4.0"
      },
      "dependencies": {
        "debug": {
          "version": "2.6.9",
          "resolved": "https://registry.npmjs.org/debug/-/debug-2.6.9.tgz",
          "integrity": "sha512-bC7ElrdJaJnPbAP+1EotYvqZsb3ecl5wi6Bfi6BJTUcNowp6cvspg0jXznRTKDjm/E7AdgFBVeAPVMNcKGsHMA==",
          "requires": {
            "ms": "2.0.0"
          }
        }
      }
    },
    "setprototypeof": {
      "version": "1.1.0",
      "resolved": "https://registry.npmjs.org/setprototypeof/-/setprototypeof-1.1.0.tgz",
      "integrity": "sha512-BvE/TwpZX4FXExxOxZyRGQQv651MSwmWKZGqvmPcRIjDqWub67kTKuIMx43cZZrS/cBBzwBcNDWoFxt2XEFIpQ=="
    },
    "split": {
      "version": "1.0.1",
      "resolved": "https://registry.npmjs.org/split/-/split-1.0.1.tgz",
      "integrity": "sha512-mTyOoPbrivtXnwnIxZRFYRrPNtEFKlpB2fvjSnCQUiAA6qAZzqwna5envK4uk6OIeP17CsdF3rSBGYVBsU0Tkg==",
      "requires": {
        "through": "2"
      }
    },
    "split2": {
      "version": "2.2.0",
      "resolved": "https://registry.npmjs.org/split2/-/split2-2.2.0.tgz",
      "integrity": "sha512-RAb22TG39LhI31MbreBgIuKiIKhVsawfTgEGqKHTK87aG+ul/PB8Sqoi3I7kVdRWiCfrKxK3uo4/YUkpNvhPbw==",
      "requires": {
        "through2": "^2.0.2"
      }
    },
    "sprintf-js": {
      "version": "1.0.3",
      "resolved": "https://registry.npmjs.org/sprintf-js/-/sprintf-js-1.0.3.tgz",
      "integrity": "sha1-BOaSb2YolTVPPdAVIDYzuFcpfiw="
    },
    "statuses": {
      "version": "1.4.0",
      "resolved": "https://registry.npmjs.org/statuses/-/statuses-1.4.0.tgz",
      "integrity": "sha512-zhSCtt8v2NDrRlPQpCNtw/heZLtfUDqxBM1udqikb/Hbk52LK4nQSwr10u77iopCW5LsyHpuXS0GnEc48mLeew=="
    },
    "steed": {
      "version": "1.1.3",
      "resolved": "https://registry.npmjs.org/steed/-/steed-1.1.3.tgz",
      "integrity": "sha1-8VJd1a2xLrIb90dJU3Zo1iW5q8U=",
      "requires": {
        "fastfall": "^1.5.0",
        "fastparallel": "^2.2.0",
        "fastq": "^1.3.0",
        "fastseries": "^1.7.0",
        "reusify": "^1.0.0"
      }
    },
    "string-to-stream": {
      "version": "1.1.1",
      "resolved": "https://registry.npmjs.org/string-to-stream/-/string-to-stream-1.1.1.tgz",
      "integrity": "sha512-QySF2+3Rwq0SdO3s7BAp4x+c3qsClpPQ6abAmb0DGViiSBAkT5kL6JT2iyzEVP+T1SmzHrQD1TwlP9QAHCc+Sw==",
      "requires": {
        "inherits": "^2.0.1",
        "readable-stream": "^2.1.0"
      }
    },
    "string_decoder": {
      "version": "1.1.1",
      "resolved": "https://registry.npmjs.org/string_decoder/-/string_decoder-1.1.1.tgz",
      "integrity": "sha512-n/ShnvDi6FHbbVfviro+WojiFzv+s8MPMHBczVePfUpDJLwoLT0ht1l4YwBCbi8pJAveEEdnkHyPyTP/mzRfwg==",
      "requires": {
        "safe-buffer": "~5.1.0"
      }
    },
    "supports-color": {
      "version": "5.5.0",
      "resolved": "https://registry.npmjs.org/supports-color/-/supports-color-5.5.0.tgz",
      "integrity": "sha512-QjVjwdXIt408MIiAqCX4oUKsgU2EqAGzs2Ppkm4aQYbjm+ZEWEcW4SfFNTr4uMNZma0ey4f5lgLrkB0aX0QMow==",
      "requires": {
        "has-flag": "^3.0.0"
      }
    },
    "through": {
      "version": "2.3.8",
      "resolved": "https://registry.npmjs.org/through/-/through-2.3.8.tgz",
      "integrity": "sha1-DdTJ/6q8NXlgsbckEV1+Doai4fU="
    },
    "through2": {
      "version": "2.0.3",
      "resolved": "https://registry.npmjs.org/through2/-/through2-2.0.3.tgz",
      "integrity": "sha1-AARWmzfHx0ujnEPzzteNGtlBQL4=",
      "requires": {
        "readable-stream": "^2.1.5",
        "xtend": "~4.0.1"
      }
    },
    "tiny-lru": {
      "version": "1.6.1",
      "resolved": "https://registry.npmjs.org/tiny-lru/-/tiny-lru-1.6.1.tgz",
      "integrity": "sha512-m8oyPnHjnQlbDk8+MCw33qRMp6+BxPxoayN9C743VToeyQ5zZV6F6vkklrYVEI0z9MQ3+jmc+22tKmvPg4gmoA=="
    },
    "uid-safe": {
      "version": "2.1.5",
      "resolved": "https://registry.npmjs.org/uid-safe/-/uid-safe-2.1.5.tgz",
      "integrity": "sha512-KPHm4VL5dDXKz01UuEd88Df+KzynaohSL9fBh096KWAxSKZQDI2uBrVqtvRM4rwrIrRRKsdLNML/lnaaVSRioA==",
      "requires": {
        "random-bytes": "~1.0.0"
      }
    },
    "uri-js": {
      "version": "4.2.2",
      "resolved": "https://registry.npmjs.org/uri-js/-/uri-js-4.2.2.tgz",
      "integrity": "sha512-KY9Frmirql91X2Qgjry0Wd4Y+YTdrdZheS8TFwvkbLWf/G5KNJDCh6pKL5OZctEW4+0Baa5idK2ZQuELRwPznQ==",
      "requires": {
        "punycode": "^2.1.0"
      }
    },
    "util-deprecate": {
      "version": "1.0.2",
      "resolved": "https://registry.npmjs.org/util-deprecate/-/util-deprecate-1.0.2.tgz",
      "integrity": "sha1-RQ1Nyfpw3nMnYvvS1KKJgUGaDM8="
    },
    "vary": {
      "version": "1.1.2",
      "resolved": "https://registry.npmjs.org/vary/-/vary-1.1.2.tgz",
      "integrity": "sha1-IpnwLG3tMNSllhsLn3RSShj2NPw="
    },
    "wrappy": {
      "version": "1.0.2",
      "resolved": "https://registry.npmjs.org/wrappy/-/wrappy-1.0.2.tgz",
      "integrity": "sha1-tSQ9jz7BqjXxNkYFvA0QNuMKtp8="
    },
    "xtend": {
      "version": "4.0.1",
      "resolved": "https://registry.npmjs.org/xtend/-/xtend-4.0.1.tgz",
      "integrity": "sha1-pcbVMr5lbiPbgg77lDofBJmNY68="
    }
  }
}
